
Microsoft Visual Studio Solution File, Format Version 12.00
# Visual Studio Version 16
VisualStudioVersion = 16.0.31911.196
MinimumVisualStudioVersion = 10.0.40219.1
Project("{FAE04EC0-301F-11D3-BF4B-00C04F79EFBC}") = "WebApplication2", "WebApplication2\WebApplication2.csproj", "{3CFF5B2D-6018-4E81-8FF4-A7E680F6A648}"
EndProject
Global
	GlobalSection(SolutionConfigurationPlatforms) = preSolution
		Debug|Any CPU = Debug|Any CPU
		Release|Any CPU = Release|Any CPU
	EndGlobalSection
	GlobalSection(ProjectConfigurationPlatforms) = postSolution
		{3CFF5B2D-6018-4E81-8FF4-A7E680F6A648}.Debug|Any CPU.ActiveCfg = Debug|Any CPU
		{3CFF5B2D-6018-4E81-8FF4-A7E680F6A648}.Debug|Any CPU.Build.0 = Debug|Any CPU
		{3CFF5B2D-6018-4E81-8FF4-A7E680F6A648}.Release|Any CPU.ActiveCfg = Release|Any CPU
		{3CFF5B2D-6018-4E81-8FF4-A7E680F6A648}.Release|Any CPU.Build.0 = Release|Any CPU
	EndGlobalSection
	GlobalSection(SolutionProperties) = preSolution
		HideSolutionNode = FALSE
	EndGlobalSection
	GlobalSection(ExtensibilityGlobals) = postSolution
		SolutionGuid = {6BC4E69F-FE7E-44F0-A5B6-DF36880A3772}
	EndGlobalSection
EndGlobal
